Microsoft Visual Studio Solution File, Format Version 12.00
# Visual Studio Version 17
VisualStudioVersion = 17.0.31903.59
MinimumVisualStudioVersion = 10.0.40219.1
Project("{9A19103F-16F7-4668-BE54-9A1E7A4F7556}") = "GDShrapt.TestProject", "GDShrapt.TestProject.csproj", "{391E7D09-4FD3-4525-9472-0A15B655088E}"
EndProject
Project("{9A19103F-16F7-4668-BE54-9A1E7A4F7556}") = "GDShrapt.Plugin", "..\..\src\GDShrapt.Plugin\GDShrapt.Plugin.csproj", "{0DC51ACC-6118-408F-9683-034521FB333A}"
EndProject
Project("{2150E333-8FDC-42A3-9474-1A3956D46DE8}") = "submodules", "submodules", "{D4509882-552C-46BB-92BA-8703E8E757BA}"
EndProject
Project("{2150E333-8FDC-42A3-9474-1A3956D46DE8}") = "GDShrapt.TypesMap", "GDShrapt.TypesMap", "{C1234567-1234-5678-9ABC-DEF012345678}"
EndProject
Project("{9A19103F-16F7-4668-BE54-9A1E7A4F7556}") = "GDShrapt.TypesMap", "..\..\submodules\GDShrapt.TypesMap\src\GDShrapt.TypesMap\GDShrapt.TypesMap.csproj", "{C1234567-1234-5678-9ABC-DEF012345679}"
EndProject
Project("{2150E333-8FDC-42A3-9474-1A3956D46DE8}") = "GDShrapt", "GDShrapt", "{A1111111-1111-1111-1111-111111111111}"
EndProject
Project("{9A19103F-16F7-4668-BE54-9A1E7A4F7556}") = "GDShrapt.Reader", "..\..\src\GDShrapt.Reader\GDShrapt.Reader.csproj", "{B1111111-1111-1111-1111-111111111111}"
EndProject
Project("{9A19103F-16F7-4668-BE54-9A1E7A4F7556}") = "GDShrapt.Builder", "..\..\src\GDShrapt.Builder\GDShrapt.Builder.csproj", "{B2222222-2222-2222-2222-222222222222}"
EndProject
Project("{9A19103F-16F7-4668-BE54-9A1E7A4F7556}") = "GDShrapt.Abstractions", "..\..\src\GDShrapt.Abstractions\GDShrapt.Abstractions.csproj", "{B3333333-3333-3333-3333-333333333333}"
EndProject
Project("{9A19103F-16F7-4668-BE54-9A1E7A4F7556}") = "GDShrapt.Validator", "..\..\src\GDShrapt.Validator\GDShrapt.Validator.csproj", "{B4444444-4444-4444-4444-444444444444}"
EndProject
Project("{9A19103F-16F7-4668-BE54-9A1E7A4F7556}") = "GDShrapt.Linter", "..\..\src\GDShrapt.Linter\GDShrapt.Linter.csproj", "{B5555555-5555-5555-5555-555555555555}"
EndProject
Project("{9A19103F-16F7-4668-BE54-9A1E7A4F7556}") = "GDShrapt.Formatter", "..\..\src\GDShrapt.Formatter\GDShrapt.Formatter.csproj", "{B6666666-6666-6666-6666-666666666666}"
EndProject
Project("{9A19103F-16F7-4668-BE54-9A1E7A4F7556}") = "GDShrapt.Semantics", "..\..\src\GDShrapt.Semantics\GDShrapt.Semantics.csproj", "{B7777777-7777-7777-7777-777777777777}"
EndProject
Project("{9A19103F-16F7-4668-BE54-9A1E7A4F7556}") = "GDShrapt.Semantics.Validator", "..\..\src\GDShrapt.Semantics.Validator\GDShrapt.Semantics.Validator.csproj", "{B8888888-8888-8888-8888-888888888888}"
EndProject
Project("{9A19103F-16F7-4668-BE54-9A1E7A4F7556}") = "GDShrapt.CLI.Core", "..\..\src\GDShrapt.CLI.Core\GDShrapt.CLI.Core.csproj", "{B9999999-9999-9999-9999-999999999999}"
EndProject
Global
	GlobalSection(SolutionConfigurationPlatforms) = preSolution
		Debug|Any CPU = Debug|Any CPU
		ExportDebug|Any CPU = ExportDebug|Any CPU
		ExportRelease|Any CPU = ExportRelease|Any CPU
		Release|Any CPU = Release|Any CPU
	EndGlobalSection
	GlobalSection(ProjectConfigurationPlatforms) = postSolution
		{391E7D09-4FD3-4525-9472-0A15B655088E}.Debug|Any CPU.ActiveCfg = Debug|Any CPU
		{391E7D09-4FD3-4525-9472-0A15B655088E}.Debug|Any CPU.Build.0 = Debug|Any CPU
		{391E7D09-4FD3-4525-9472-0A15B655088E}.ExportDebug|Any CPU.ActiveCfg = ExportDebug|Any CPU
		{391E7D09-4FD3-4525-9472-0A15B655088E}.ExportDebug|Any CPU.Build.0 = ExportDebug|Any CPU
		{391E7D09-4FD3-4525-9472-0A15B655088E}.ExportRelease|Any CPU.ActiveCfg = ExportRelease|Any CPU
		{391E7D09-4FD3-4525-9472-0A15B655088E}.ExportRelease|Any CPU.Build.0 = ExportRelease|Any CPU
		{391E7D09-4FD3-4525-9472-0A15B655088E}.Release|Any CPU.ActiveCfg = Release|Any CPU
		{391E7D09-4FD3-4525-9472-0A15B655088E}.Release|Any CPU.Build.0 = Release|Any CPU
		{0DC51ACC-6118-408F-9683-034521FB333A}.Debug|Any CPU.ActiveCfg = Debug|Any CPU
		{0DC51ACC-6118-408F-9683-034521FB333A}.Debug|Any CPU.Build.0 = Debug|Any CPU
		{0DC51ACC-6118-408F-9683-034521FB333A}.ExportDebug|Any CPU.ActiveCfg = Debug|Any CPU
		{0DC51ACC-6118-408F-9683-034521FB333A}.ExportDebug|Any CPU.Build.0 = Debug|Any CPU
		{0DC51ACC-6118-408F-9683-034521FB333A}.ExportRelease|Any CPU.ActiveCfg = Release|Any CPU
		{0DC51ACC-6118-408F-9683-034521FB333A}.ExportRelease|Any CPU.Build.0 = Release|Any CPU
		{0DC51ACC-6118-408F-9683-034521FB333A}.Release|Any CPU.ActiveCfg = Release|Any CPU
		{0DC51ACC-6118-408F-9683-034521FB333A}.Release|Any CPU.Build.0 = Release|Any CPU
		{C1234567-1234-5678-9ABC-DEF012345679}.Debug|Any CPU.ActiveCfg = Debug|Any CPU
		{C1234567-1234-5678-9ABC-DEF012345679}.Debug|Any CPU.Build.0 = Debug|Any CPU
		{C1234567-1234-5678-9ABC-DEF012345679}.ExportDebug|Any CPU.ActiveCfg = Debug|Any CPU
		{C1234567-1234-5678-9ABC-DEF012345679}.ExportDebug|Any CPU.Build.0 = Debug|Any CPU
		{C1234567-1234-5678-9ABC-DEF012345679}.ExportRelease|Any CPU.ActiveCfg = Release|Any CPU
		{C1234567-1234-5678-9ABC-DEF012345679}.ExportRelease|Any CPU.Build.0 = Release|Any CPU
		{C1234567-1234-5678-9ABC-DEF012345679}.Release|Any CPU.ActiveCfg = Release|Any CPU
		{C1234567-1234-5678-9ABC-DEF012345679}.Release|Any CPU.Build.0 = Release|Any CPU
		{B1111111-1111-1111-1111-111111111111}.Debug|Any CPU.ActiveCfg = Debug|Any CPU
		{B1111111-1111-1111-1111-111111111111}.Debug|Any CPU.Build.0 = Debug|Any CPU
		{B1111111-1111-1111-1111-111111111111}.ExportDebug|Any CPU.ActiveCfg = Debug|Any CPU
		{B1111111-1111-1111-1111-111111111111}.ExportDebug|Any CPU.Build.0 = Debug|Any CPU
		{B1111111-1111-1111-1111-111111111111}.ExportRelease|Any CPU.ActiveCfg = Release|Any CPU
		{B1111111-1111-1111-1111-111111111111}.ExportRelease|Any CPU.Build.0 = Release|Any CPU
		{B1111111-1111-1111-1111-111111111111}.Release|Any CPU.ActiveCfg = Release|Any CPU
		{B1111111-1111-1111-1111-111111111111}.Release|Any CPU.Build.0 = Release|Any CPU
		{B2222222-2222-2222-2222-222222222222}.Debug|Any CPU.ActiveCfg = Debug|Any CPU
		{B2222222-2222-2222-2222-222222222222}.Debug|Any CPU.Build.0 = Debug|Any CPU
		{B2222222-2222-2222-2222-222222222222}.ExportDebug|Any CPU.ActiveCfg = Debug|Any CPU
		{B2222222-2222-2222-2222-222222222222}.ExportDebug|Any CPU.Build.0 = Debug|Any CPU
		{B2222222-2222-2222-2222-222222222222}.ExportRelease|Any CPU.ActiveCfg = Release|Any CPU
		{B2222222-2222-2222-2222-222222222222}.ExportRelease|Any CPU.Build.0 = Release|Any CPU
		{B2222222-2222-2222-2222-222222222222}.Release|Any CPU.ActiveCfg = Release|Any CPU
		{B2222222-2222-2222-2222-222222222222}.Release|Any CPU.Build.0 = Release|Any CPU
		{B3333333-3333-3333-3333-333333333333}.Debug|Any CPU.ActiveCfg = Debug|Any CPU
		{B3333333-3333-3333-3333-333333333333}.Debug|Any CPU.Build.0 = Debug|Any CPU
		{B3333333-3333-3333-3333-333333333333}.ExportDebug|Any CPU.ActiveCfg = Debug|Any CPU
		{B3333333-3333-3333-3333-333333333333}.ExportDebug|Any CPU.Build.0 = Debug|Any CPU
		{B3333333-3333-3333-3333-333333333333}.ExportRelease|Any CPU.ActiveCfg = Release|Any CPU
		{B3333333-3333-3333-3333-333333333333}.ExportRelease|Any CPU.Build.0 = Release|Any CPU
		{B3333333-3333-3333-3333-333333333333}.Release|Any CPU.ActiveCfg = Release|Any CPU
		{B3333333-3333-3333-3333-333333333333}.Release|Any CPU.Build.0 = Release|Any CPU
		{B4444444-4444-4444-4444-444444444444}.Debug|Any CPU.ActiveCfg = Debug|Any CPU
		{B4444444-4444-4444-4444-444444444444}.Debug|Any CPU.Build.0 = Debug|Any CPU
		{B4444444-4444-4444-4444-444444444444}.ExportDebug|Any CPU.ActiveCfg = Debug|Any CPU
		{B4444444-4444-4444-4444-444444444444}.ExportDebug|Any CPU.Build.0 = Debug|Any CPU
		{B4444444-4444-4444-4444-444444444444}.ExportRelease|Any CPU.ActiveCfg = Release|Any CPU
		{B4444444-4444-4444-4444-444444444444}.ExportRelease|Any CPU.Build.0 = Release|Any CPU
		{B4444444-4444-4444-4444-444444444444}.Release|Any CPU.ActiveCfg = Release|Any CPU
		{B4444444-4444-4444-4444-444444444444}.Release|Any CPU.Build.0 = Release|Any CPU
		{B5555555-5555-5555-5555-555555555555}.Debug|Any CPU.ActiveCfg = Debug|Any CPU
		{B5555555-5555-5555-5555-555555555555}.Debug|Any CPU.Build.0 = Debug|Any CPU
		{B5555555-5555-5555-5555-555555555555}.ExportDebug|Any CPU.ActiveCfg = Debug|Any CPU
		{B5555555-5555-5555-5555-555555555555}.ExportDebug|Any CPU.Build.0 = Debug|Any CPU
		{B5555555-5555-5555-5555-555555555555}.ExportRelease|Any CPU.ActiveCfg = Release|Any CPU
		{B5555555-5555-5555-5555-555555555555}.ExportRelease|Any CPU.Build.0 = Release|Any CPU
		{B5555555-5555-5555-5555-555555555555}.Release|Any CPU.ActiveCfg = Release|Any CPU
		{B5555555-5555-5555-5555-555555555555}.Release|Any CPU.Build.0 = Release|Any CPU
		{B6666666-6666-6666-6666-666666666666}.Debug|Any CPU.ActiveCfg = Debug|Any CPU
		{B6666666-6666-6666-6666-666666666666}.Debug|Any CPU.Build.0 = Debug|Any CPU
		{B6666666-6666-6666-6666-666666666666}.ExportDebug|Any CPU.ActiveCfg = Debug|Any CPU
		{B6666666-6666-6666-6666-666666666666}.ExportDebug|Any CPU.Build.0 = Debug|Any CPU
		{B6666666-6666-6666-6666-666666666666}.ExportRelease|Any CPU.ActiveCfg = Release|Any CPU
		{B6666666-6666-6666-6666-666666666666}.ExportRelease|Any CPU.Build.0 = Release|Any CPU
		{B6666666-6666-6666-6666-666666666666}.Release|Any CPU.ActiveCfg = Release|Any CPU
		{B6666666-6666-6666-6666-666666666666}.Release|Any CPU.Build.0 = Release|Any CPU
		{B7777777-7777-7777-7777-777777777777}.Debug|Any CPU.ActiveCfg = Debug|Any CPU
		{B7777777-7777-7777-7777-777777777777}.Debug|Any CPU.Build.0 = Debug|Any CPU
		{B7777777-7777-7777-7777-777777777777}.ExportDebug|Any CPU.ActiveCfg = Debug|Any CPU
		{B7777777-7777-7777-7777-777777777777}.ExportDebug|Any CPU.Build.0 = Debug|Any CPU
		{B7777777-7777-7777-7777-777777777777}.ExportRelease|Any CPU.ActiveCfg = Release|Any CPU
		{B7777777-7777-7777-7777-777777777777}.ExportRelease|Any CPU.Build.0 = Release|Any CPU
		{B7777777-7777-7777-7777-777777777777}.Release|Any CPU.ActiveCfg = Release|Any CPU
		{B7777777-7777-7777-7777-777777777777}.Release|Any CPU.Build.0 = Release|Any CPU
		{B8888888-8888-8888-8888-888888888888}.Debug|Any CPU.ActiveCfg = Debug|Any CPU
		{B8888888-8888-8888-8888-888888888888}.Debug|Any CPU.Build.0 = Debug|Any CPU
		{B8888888-8888-8888-8888-888888888888}.ExportDebug|Any CPU.ActiveCfg = Debug|Any CPU
		{B8888888-8888-8888-8888-888888888888}.ExportDebug|Any CPU.Build.0 = Debug|Any CPU
		{B8888888-8888-8888-8888-888888888888}.ExportRelease|Any CPU.ActiveCfg = Release|Any CPU
		{B8888888-8888-8888-8888-888888888888}.ExportRelease|Any CPU.Build.0 = Release|Any CPU
		{B8888888-8888-8888-8888-888888888888}.Release|Any CPU.ActiveCfg = Release|Any CPU
		{B8888888-8888-8888-8888-888888888888}.Release|Any CPU.Build.0 = Release|Any CPU
		{B9999999-9999-9999-9999-999999999999}.Debug|Any CPU.ActiveCfg = Debug|Any CPU
		{B9999999-9999-9999-9999-999999999999}.Debug|Any CPU.Build.0 = Debug|Any CPU
		{B9999999-9999-9999-9999-999999999999}.ExportDebug|Any CPU.ActiveCfg = Debug|Any CPU
		{B9999999-9999-9999-9999-999999999999}.ExportDebug|Any CPU.Build.0 = Debug|Any CPU
		{B9999999-9999-9999-9999-999999999999}.ExportRelease|Any CPU.ActiveCfg = Release|Any CPU
		{B9999999-9999-9999-9999-999999999999}.ExportRelease|Any CPU.Build.0 = Release|Any CPU
		{B9999999-9999-9999-9999-999999999999}.Release|Any CPU.ActiveCfg = Release|Any CPU
		{B9999999-9999-9999-9999-999999999999}.Release|Any CPU.Build.0 = Release|Any CPU
	EndGlobalSection
	GlobalSection(SolutionProperties) = preSolution
		HideSolutionNode = FALSE
	EndGlobalSection
	GlobalSection(NestedProjects) = preSolution
		{C1234567-1234-5678-9ABC-DEF012345678} = {D4509882-552C-46BB-92BA-8703E8E757BA}
		{C1234567-1234-5678-9ABC-DEF012345679} = {C1234567-1234-5678-9ABC-DEF012345678}
		{B1111111-1111-1111-1111-111111111111} = {A1111111-1111-1111-1111-111111111111}
		{B2222222-2222-2222-2222-222222222222} = {A1111111-1111-1111-1111-111111111111}
		{B3333333-3333-3333-3333-333333333333} = {A1111111-1111-1111-1111-111111111111}
		{B4444444-4444-4444-4444-444444444444} = {A1111111-1111-1111-1111-111111111111}
		{B5555555-5555-5555-5555-555555555555} = {A1111111-1111-1111-1111-111111111111}
		{B6666666-6666-6666-6666-666666666666} = {A1111111-1111-1111-1111-111111111111}
		{B7777777-7777-7777-7777-777777777777} = {A1111111-1111-1111-1111-111111111111}
		{B8888888-8888-8888-8888-888888888888} = {A1111111-1111-1111-1111-111111111111}
		{B9999999-9999-9999-9999-999999999999} = {A1111111-1111-1111-1111-111111111111}
		{0DC51ACC-6118-408F-9683-034521FB333A} = {A1111111-1111-1111-1111-111111111111}
	EndGlobalSection
	GlobalSection(ExtensibilityGlobals) = postSolution
		SolutionGuid = {AAAABBBB-CCCC-DDDD-EEEE-FFFFFFFFFFFF}
	EndGlobalSection
EndGlobal
