Microsoft Visual Studio Solution File, Format Version 12.00
# Visual Studio Version 17
VisualStudioVersion = 17.0.31903.59
MinimumVisualStudioVersion = 10.0.40219.1
Project("{9A19103F-16F7-4668-BE54-9A1E7A4F7556}") = "GDShrapt.TestProject", "GDShrapt.TestProject.csproj", "{391E7D09-4FD3-4525-9472-0A15B655088E}"
EndProject
Project("{9A19103F-16F7-4668-BE54-9A1E7A4F7556}") = "GDShrapt.Plugin", "..\..\src\GDShrapt.Plugin\GDShrapt.Plugin.csproj", "{0DC51ACC-6118-408F-9683-034521FB333A}"
EndProject
Project("{2150E333-8FDC-42A3-9474-1A3956D46DE8}") = "submodules", "submodules", "{D4509882-552C-46BB-92BA-8703E8E757BA}"
EndProject
Project("{2150E333-8FDC-42A3-9474-1A3956D46DE8}") = "GDShrapt.TypesMap", "GDShrapt.TypesMap", "{C1234567-1234-5678-9ABC-DEF012345678}"
EndProject
Project("{9A19103F-16F7-4668-BE54-9A1E7A4F7556}") = "GDShrapt.TypesMap", "..\..\submodules\GDShrapt.TypesMap\src\GDShrapt.TypesMap\GDShrapt.TypesMap.csproj", "{C1234567-1234-5678-9ABC-DEF012345679}"
EndProject
Global
	GlobalSection(SolutionConfigurationPlatforms) = preSolution
		Debug|Any CPU = Debug|Any CPU
		ExportDebug|Any CPU = ExportDebug|Any CPU
		ExportRelease|Any CPU = ExportRelease|Any CPU
		Release|Any CPU = Release|Any CPU
	EndGlobalSection
	GlobalSection(ProjectConfigurationPlatforms) = postSolution
		{391E7D09-4FD3-4525-9472-0A15B655088E}.Debug|Any CPU.ActiveCfg = Debug|Any CPU
		{391E7D09-4FD3-4525-9472-0A15B655088E}.Debug|Any CPU.Build.0 = Debug|Any CPU
		{391E7D09-4FD3-4525-9472-0A15B655088E}.ExportDebug|Any CPU.ActiveCfg = ExportDebug|Any CPU
		{391E7D09-4FD3-4525-9472-0A15B655088E}.ExportDebug|Any CPU.Build.0 = ExportDebug|Any CPU
		{391E7D09-4FD3-4525-9472-0A15B655088E}.ExportRelease|Any CPU.ActiveCfg = ExportRelease|Any CPU
		{391E7D09-4FD3-4525-9472-0A15B655088E}.ExportRelease|Any CPU.Build.0 = ExportRelease|Any CPU
		{391E7D09-4FD3-4525-9472-0A15B655088E}.Release|Any CPU.ActiveCfg = Release|Any CPU
		{391E7D09-4FD3-4525-9472-0A15B655088E}.Release|Any CPU.Build.0 = Release|Any CPU
		{0DC51ACC-6118-408F-9683-034521FB333A}.Debug|Any CPU.ActiveCfg = Debug|Any CPU
		{0DC51ACC-6118-408F-9683-034521FB333A}.Debug|Any CPU.Build.0 = Debug|Any CPU
		{0DC51ACC-6118-408F-9683-034521FB333A}.ExportDebug|Any CPU.ActiveCfg = Debug|Any CPU
		{0DC51ACC-6118-408F-9683-034521FB333A}.ExportDebug|Any CPU.Build.0 = Debug|Any CPU
		{0DC51ACC-6118-408F-9683-034521FB333A}.ExportRelease|Any CPU.ActiveCfg = Release|Any CPU
		{0DC51ACC-6118-408F-9683-034521FB333A}.ExportRelease|Any CPU.Build.0 = Release|Any CPU
		{0DC51ACC-6118-408F-9683-034521FB333A}.Release|Any CPU.ActiveCfg = Release|Any CPU
		{0DC51ACC-6118-408F-9683-034521FB333A}.Release|Any CPU.Build.0 = Release|Any CPU
		{C1234567-1234-5678-9ABC-DEF012345679}.Debug|Any CPU.ActiveCfg = Debug|Any CPU
		{C1234567-1234-5678-9ABC-DEF012345679}.Debug|Any CPU.Build.0 = Debug|Any CPU
		{C1234567-1234-5678-9ABC-DEF012345679}.ExportDebug|Any CPU.ActiveCfg = Debug|Any CPU
		{C1234567-1234-5678-9ABC-DEF012345679}.ExportDebug|Any CPU.Build.0 = Debug|Any CPU
		{C1234567-1234-5678-9ABC-DEF012345679}.ExportRelease|Any CPU.ActiveCfg = Release|Any CPU
		{C1234567-1234-5678-9ABC-DEF012345679}.ExportRelease|Any CPU.Build.0 = Release|Any CPU
		{C1234567-1234-5678-9ABC-DEF012345679}.Release|Any CPU.ActiveCfg = Release|Any CPU
		{C1234567-1234-5678-9ABC-DEF012345679}.Release|Any CPU.Build.0 = Release|Any CPU
	EndGlobalSection
	GlobalSection(SolutionProperties) = preSolution
		HideSolutionNode = FALSE
	EndGlobalSection
	GlobalSection(NestedProjects) = preSolution
		{C1234567-1234-5678-9ABC-DEF012345678} = {D4509882-552C-46BB-92BA-8703E8E757BA}
		{C1234567-1234-5678-9ABC-DEF012345679} = {C1234567-1234-5678-9ABC-DEF012345678}
	EndGlobalSection
	GlobalSection(ExtensibilityGlobals) = postSolution
		SolutionGuid = {AAAABBBB-CCCC-DDDD-EEEE-FFFFFFFFFFFF}
	EndGlobalSection
EndGlobal
