
Microsoft Visual Studio Solution File, Format Version 12.00
# Visual Studio Version 17
VisualStudioVersion = 17.8.34309.116
MinimumVisualStudioVersion = 10.0.40219.1
Project("{9A19103F-16F7-4668-BE54-9A1E7A4F7556}") = "GDShrapt.Reader", "GDShrapt.Reader\GDShrapt.Reader.csproj", "{EF8F42CC-A17C-4F08-800D-04BC5EAB59F9}"
EndProject
Project("{9A19103F-16F7-4668-BE54-9A1E7A4F7556}") = "GDShrapt.Builder", "GDShrapt.Builder\GDShrapt.Builder.csproj", "{B1A2C3D4-E5F6-7890-ABCD-EF1234567890}"
EndProject
Project("{9A19103F-16F7-4668-BE54-9A1E7A4F7556}") = "GDShrapt.Formatter", "GDShrapt.Formatter\GDShrapt.Formatter.csproj", "{C2B3D4E5-F6A7-8901-BCDE-F12345678901}"
EndProject
Project("{9A19103F-16F7-4668-BE54-9A1E7A4F7556}") = "GDShrapt.Linter", "GDShrapt.Linter\GDShrapt.Linter.csproj", "{D3C4E5F6-A7B8-9012-CDEF-123456789012}"
EndProject
Project("{9A19103F-16F7-4668-BE54-9A1E7A4F7556}") = "GDShrapt.Validator", "GDShrapt.Validator\GDShrapt.Validator.csproj", "{E4D5F6A7-B8C9-0123-DEF0-234567890123}"
EndProject
Project("{9A19103F-16F7-4668-BE54-9A1E7A4F7556}") = "GDShrapt.Tests.Common", "GDShrapt.Tests.Common\GDShrapt.Tests.Common.csproj", "{F5E6A7B8-C9D0-1234-EF01-345678901234}"
EndProject
Project("{9A19103F-16F7-4668-BE54-9A1E7A4F7556}") = "GDShrapt.Reader.Tests", "GDShrapt.Reader.Tests\GDShrapt.Reader.Tests.csproj", "{2A9E4095-E028-474B-A4A6-9E928AE9ADFE}"
EndProject
Project("{9A19103F-16F7-4668-BE54-9A1E7A4F7556}") = "GDShrapt.Builder.Tests", "GDShrapt.Builder.Tests\GDShrapt.Builder.Tests.csproj", "{A6F7B8C9-D0E1-2345-F012-456789012345}"
EndProject
Project("{9A19103F-16F7-4668-BE54-9A1E7A4F7556}") = "GDShrapt.Formatter.Tests", "GDShrapt.Formatter.Tests\GDShrapt.Formatter.Tests.csproj", "{B7A8C9D0-E1F2-3456-0123-567890123456}"
EndProject
Project("{9A19103F-16F7-4668-BE54-9A1E7A4F7556}") = "GDShrapt.Linter.Tests", "GDShrapt.Linter.Tests\GDShrapt.Linter.Tests.csproj", "{C8B9D0E1-F2A3-4567-1234-678901234567}"
EndProject
Project("{9A19103F-16F7-4668-BE54-9A1E7A4F7556}") = "GDShrapt.Validator.Tests", "GDShrapt.Validator.Tests\GDShrapt.Validator.Tests.csproj", "{D9C0E1F2-A3B4-5678-2345-789012345678}"
EndProject
Project("{9A19103F-16F7-4668-BE54-9A1E7A4F7556}") = "GDShrapt.Tests.Integration", "GDShrapt.Tests.Integration\GDShrapt.Tests.Integration.csproj", "{E0D1F2A3-B4C5-6789-3456-890123456789}"
EndProject
Project("{FAE04EC0-301F-11D3-BF4B-00C04F79EFBC}") = "GDShrapt.Abstractions", "GDShrapt.Abstractions\GDShrapt.Abstractions.csproj", "{49BD2722-87BD-4F41-BE41-D68EB93D908A}"
EndProject
Project("{FAE04EC0-301F-11D3-BF4B-00C04F79EFBC}") = "GDShrapt.Semantics", "GDShrapt.Semantics\GDShrapt.Semantics.csproj", "{E2B9C439-1368-4AB9-BF22-DFC4FC03A5AE}"
EndProject
Project("{FAE04EC0-301F-11D3-BF4B-00C04F79EFBC}") = "GDShrapt.Semantics.Tests", "GDShrapt.Semantics.Tests\GDShrapt.Semantics.Tests.csproj", "{4DF8B766-168A-4D02-94E9-76B06F3DC560}"
EndProject
Project("{FAE04EC0-301F-11D3-BF4B-00C04F79EFBC}") = "GDShrapt.CLI", "GDShrapt.CLI\GDShrapt.CLI.csproj", "{F6BFEEA8-2AAF-43AE-B8A4-85F0A9D75941}"
EndProject
Project("{FAE04EC0-301F-11D3-BF4B-00C04F79EFBC}") = "GDShrapt.CLI.Core", "GDShrapt.CLI.Core\GDShrapt.CLI.Core.csproj", "{8A9CC26E-6791-49D0-BEC2-8B6F921FEB90}"
EndProject
Project("{FAE04EC0-301F-11D3-BF4B-00C04F79EFBC}") = "GDShrapt.CLI.Tests", "GDShrapt.CLI.Tests\GDShrapt.CLI.Tests.csproj", "{B306C94C-F5ED-4BAB-82ED-47575D3D9073}"
EndProject
Project("{FAE04EC0-301F-11D3-BF4B-00C04F79EFBC}") = "GDShrapt.LSP", "GDShrapt.LSP\GDShrapt.LSP.csproj", "{CB868D4E-ECF1-434E-A96C-520FBBD9493F}"
EndProject
Project("{FAE04EC0-301F-11D3-BF4B-00C04F79EFBC}") = "GDShrapt.LSP.Tests", "GDShrapt.LSP.Tests\GDShrapt.LSP.Tests.csproj", "{9E654568-0211-4B2B-BCD3-2E877870CE2F}"
EndProject
Project("{FAE04EC0-301F-11D3-BF4B-00C04F79EFBC}") = "GDShrapt.Plugin", "GDShrapt.Plugin\GDShrapt.Plugin.csproj", "{0D55F75F-3C91-4DC5-B581-8135D421B0DD}"
EndProject
Project("{FAE04EC0-301F-11D3-BF4B-00C04F79EFBC}") = "GDShrapt.Plugin.Tests", "GDShrapt.Plugin.Tests\GDShrapt.Plugin.Tests.csproj", "{E64845F4-2B25-4AD5-8427-23960778664D}"
EndProject
Project("{FAE04EC0-301F-11D3-BF4B-00C04F79EFBC}") = "GDShrapt.TypesMap", "..\submodules\GDShrapt.TypesMap\src\GDShrapt.TypesMap\GDShrapt.TypesMap.csproj", "{B3BBA982-2A33-438C-A5E2-CF6F0D8D14E3}"
EndProject
Project("{2150E333-8FDC-42A3-9474-1A3956D46DE8}") = "Core", "Core", "{A1111111-1111-1111-1111-111111111111}"
EndProject
Project("{2150E333-8FDC-42A3-9474-1A3956D46DE8}") = "Foundation", "Foundation", "{A2222222-2222-2222-2222-222222222222}"
EndProject
Project("{2150E333-8FDC-42A3-9474-1A3956D46DE8}") = "Tools", "Tools", "{A3333333-3333-3333-3333-333333333333}"
EndProject
Project("{2150E333-8FDC-42A3-9474-1A3956D46DE8}") = "Tests", "Tests", "{A4444444-4444-4444-4444-444444444444}"
EndProject
Project("{2150E333-8FDC-42A3-9474-1A3956D46DE8}") = "submodules", "submodules", "{A5555555-5555-5555-5555-555555555555}"
EndProject
Global
	GlobalSection(SolutionConfigurationPlatforms) = preSolution
		Debug|Any CPU = Debug|Any CPU
		Debug|x64 = Debug|x64
		Debug|x86 = Debug|x86
		Release|Any CPU = Release|Any CPU
		Release|x64 = Release|x64
		Release|x86 = Release|x86
	EndGlobalSection
	GlobalSection(ProjectConfigurationPlatforms) = postSolution
		{EF8F42CC-A17C-4F08-800D-04BC5EAB59F9}.Debug|Any CPU.ActiveCfg = Debug|Any CPU
		{EF8F42CC-A17C-4F08-800D-04BC5EAB59F9}.Debug|Any CPU.Build.0 = Debug|Any CPU
		{EF8F42CC-A17C-4F08-800D-04BC5EAB59F9}.Debug|x64.ActiveCfg = Debug|Any CPU
		{EF8F42CC-A17C-4F08-800D-04BC5EAB59F9}.Debug|x64.Build.0 = Debug|Any CPU
		{EF8F42CC-A17C-4F08-800D-04BC5EAB59F9}.Debug|x86.ActiveCfg = Debug|Any CPU
		{EF8F42CC-A17C-4F08-800D-04BC5EAB59F9}.Debug|x86.Build.0 = Debug|Any CPU
		{EF8F42CC-A17C-4F08-800D-04BC5EAB59F9}.Release|Any CPU.ActiveCfg = Release|Any CPU
		{EF8F42CC-A17C-4F08-800D-04BC5EAB59F9}.Release|Any CPU.Build.0 = Release|Any CPU
		{EF8F42CC-A17C-4F08-800D-04BC5EAB59F9}.Release|x64.ActiveCfg = Release|Any CPU
		{EF8F42CC-A17C-4F08-800D-04BC5EAB59F9}.Release|x64.Build.0 = Release|Any CPU
		{EF8F42CC-A17C-4F08-800D-04BC5EAB59F9}.Release|x86.ActiveCfg = Release|Any CPU
		{EF8F42CC-A17C-4F08-800D-04BC5EAB59F9}.Release|x86.Build.0 = Release|Any CPU
		{B1A2C3D4-E5F6-7890-ABCD-EF1234567890}.Debug|Any CPU.ActiveCfg = Debug|Any CPU
		{B1A2C3D4-E5F6-7890-ABCD-EF1234567890}.Debug|Any CPU.Build.0 = Debug|Any CPU
		{B1A2C3D4-E5F6-7890-ABCD-EF1234567890}.Debug|x64.ActiveCfg = Debug|Any CPU
		{B1A2C3D4-E5F6-7890-ABCD-EF1234567890}.Debug|x64.Build.0 = Debug|Any CPU
		{B1A2C3D4-E5F6-7890-ABCD-EF1234567890}.Debug|x86.ActiveCfg = Debug|Any CPU
		{B1A2C3D4-E5F6-7890-ABCD-EF1234567890}.Debug|x86.Build.0 = Debug|Any CPU
		{B1A2C3D4-E5F6-7890-ABCD-EF1234567890}.Release|Any CPU.ActiveCfg = Release|Any CPU
		{B1A2C3D4-E5F6-7890-ABCD-EF1234567890}.Release|Any CPU.Build.0 = Release|Any CPU
		{B1A2C3D4-E5F6-7890-ABCD-EF1234567890}.Release|x64.ActiveCfg = Release|Any CPU
		{B1A2C3D4-E5F6-7890-ABCD-EF1234567890}.Release|x64.Build.0 = Release|Any CPU
		{B1A2C3D4-E5F6-7890-ABCD-EF1234567890}.Release|x86.ActiveCfg = Release|Any CPU
		{B1A2C3D4-E5F6-7890-ABCD-EF1234567890}.Release|x86.Build.0 = Release|Any CPU
		{C2B3D4E5-F6A7-8901-BCDE-F12345678901}.Debug|Any CPU.ActiveCfg = Debug|Any CPU
		{C2B3D4E5-F6A7-8901-BCDE-F12345678901}.Debug|Any CPU.Build.0 = Debug|Any CPU
		{C2B3D4E5-F6A7-8901-BCDE-F12345678901}.Debug|x64.ActiveCfg = Debug|Any CPU
		{C2B3D4E5-F6A7-8901-BCDE-F12345678901}.Debug|x64.Build.0 = Debug|Any CPU
		{C2B3D4E5-F6A7-8901-BCDE-F12345678901}.Debug|x86.ActiveCfg = Debug|Any CPU
		{C2B3D4E5-F6A7-8901-BCDE-F12345678901}.Debug|x86.Build.0 = Debug|Any CPU
		{C2B3D4E5-F6A7-8901-BCDE-F12345678901}.Release|Any CPU.ActiveCfg = Release|Any CPU
		{C2B3D4E5-F6A7-8901-BCDE-F12345678901}.Release|Any CPU.Build.0 = Release|Any CPU
		{C2B3D4E5-F6A7-8901-BCDE-F12345678901}.Release|x64.ActiveCfg = Release|Any CPU
		{C2B3D4E5-F6A7-8901-BCDE-F12345678901}.Release|x64.Build.0 = Release|Any CPU
		{C2B3D4E5-F6A7-8901-BCDE-F12345678901}.Release|x86.ActiveCfg = Release|Any CPU
		{C2B3D4E5-F6A7-8901-BCDE-F12345678901}.Release|x86.Build.0 = Release|Any CPU
		{D3C4E5F6-A7B8-9012-CDEF-123456789012}.Debug|Any CPU.ActiveCfg = Debug|Any CPU
		{D3C4E5F6-A7B8-9012-CDEF-123456789012}.Debug|Any CPU.Build.0 = Debug|Any CPU
		{D3C4E5F6-A7B8-9012-CDEF-123456789012}.Debug|x64.ActiveCfg = Debug|Any CPU
		{D3C4E5F6-A7B8-9012-CDEF-123456789012}.Debug|x64.Build.0 = Debug|Any CPU
		{D3C4E5F6-A7B8-9012-CDEF-123456789012}.Debug|x86.ActiveCfg = Debug|Any CPU
		{D3C4E5F6-A7B8-9012-CDEF-123456789012}.Debug|x86.Build.0 = Debug|Any CPU
		{D3C4E5F6-A7B8-9012-CDEF-123456789012}.Release|Any CPU.ActiveCfg = Release|Any CPU
		{D3C4E5F6-A7B8-9012-CDEF-123456789012}.Release|Any CPU.Build.0 = Release|Any CPU
		{D3C4E5F6-A7B8-9012-CDEF-123456789012}.Release|x64.ActiveCfg = Release|Any CPU
		{D3C4E5F6-A7B8-9012-CDEF-123456789012}.Release|x64.Build.0 = Release|Any CPU
		{D3C4E5F6-A7B8-9012-CDEF-123456789012}.Release|x86.ActiveCfg = Release|Any CPU
		{D3C4E5F6-A7B8-9012-CDEF-123456789012}.Release|x86.Build.0 = Release|Any CPU
		{E4D5F6A7-B8C9-0123-DEF0-234567890123}.Debug|Any CPU.ActiveCfg = Debug|Any CPU
		{E4D5F6A7-B8C9-0123-DEF0-234567890123}.Debug|Any CPU.Build.0 = Debug|Any CPU
		{E4D5F6A7-B8C9-0123-DEF0-234567890123}.Debug|x64.ActiveCfg = Debug|Any CPU
		{E4D5F6A7-B8C9-0123-DEF0-234567890123}.Debug|x64.Build.0 = Debug|Any CPU
		{E4D5F6A7-B8C9-0123-DEF0-234567890123}.Debug|x86.ActiveCfg = Debug|Any CPU
		{E4D5F6A7-B8C9-0123-DEF0-234567890123}.Debug|x86.Build.0 = Debug|Any CPU
		{E4D5F6A7-B8C9-0123-DEF0-234567890123}.Release|Any CPU.ActiveCfg = Release|Any CPU
		{E4D5F6A7-B8C9-0123-DEF0-234567890123}.Release|Any CPU.Build.0 = Release|Any CPU
		{E4D5F6A7-B8C9-0123-DEF0-234567890123}.Release|x64.ActiveCfg = Release|Any CPU
		{E4D5F6A7-B8C9-0123-DEF0-234567890123}.Release|x64.Build.0 = Release|Any CPU
		{E4D5F6A7-B8C9-0123-DEF0-234567890123}.Release|x86.ActiveCfg = Release|Any CPU
		{E4D5F6A7-B8C9-0123-DEF0-234567890123}.Release|x86.Build.0 = Release|Any CPU
		{F5E6A7B8-C9D0-1234-EF01-345678901234}.Debug|Any CPU.ActiveCfg = Debug|Any CPU
		{F5E6A7B8-C9D0-1234-EF01-345678901234}.Debug|Any CPU.Build.0 = Debug|Any CPU
		{F5E6A7B8-C9D0-1234-EF01-345678901234}.Debug|x64.ActiveCfg = Debug|Any CPU
		{F5E6A7B8-C9D0-1234-EF01-345678901234}.Debug|x64.Build.0 = Debug|Any CPU
		{F5E6A7B8-C9D0-1234-EF01-345678901234}.Debug|x86.ActiveCfg = Debug|Any CPU
		{F5E6A7B8-C9D0-1234-EF01-345678901234}.Debug|x86.Build.0 = Debug|Any CPU
		{F5E6A7B8-C9D0-1234-EF01-345678901234}.Release|Any CPU.ActiveCfg = Release|Any CPU
		{F5E6A7B8-C9D0-1234-EF01-345678901234}.Release|Any CPU.Build.0 = Release|Any CPU
		{F5E6A7B8-C9D0-1234-EF01-345678901234}.Release|x64.ActiveCfg = Release|Any CPU
		{F5E6A7B8-C9D0-1234-EF01-345678901234}.Release|x64.Build.0 = Release|Any CPU
		{F5E6A7B8-C9D0-1234-EF01-345678901234}.Release|x86.ActiveCfg = Release|Any CPU
		{F5E6A7B8-C9D0-1234-EF01-345678901234}.Release|x86.Build.0 = Release|Any CPU
		{2A9E4095-E028-474B-A4A6-9E928AE9ADFE}.Debug|Any CPU.ActiveCfg = Debug|Any CPU
		{2A9E4095-E028-474B-A4A6-9E928AE9ADFE}.Debug|Any CPU.Build.0 = Debug|Any CPU
		{2A9E4095-E028-474B-A4A6-9E928AE9ADFE}.Debug|x64.ActiveCfg = Debug|Any CPU
		{2A9E4095-E028-474B-A4A6-9E928AE9ADFE}.Debug|x64.Build.0 = Debug|Any CPU
		{2A9E4095-E028-474B-A4A6-9E928AE9ADFE}.Debug|x86.ActiveCfg = Debug|Any CPU
		{2A9E4095-E028-474B-A4A6-9E928AE9ADFE}.Debug|x86.Build.0 = Debug|Any CPU
		{2A9E4095-E028-474B-A4A6-9E928AE9ADFE}.Release|Any CPU.ActiveCfg = Release|Any CPU
		{2A9E4095-E028-474B-A4A6-9E928AE9ADFE}.Release|Any CPU.Build.0 = Release|Any CPU
		{2A9E4095-E028-474B-A4A6-9E928AE9ADFE}.Release|x64.ActiveCfg = Release|Any CPU
		{2A9E4095-E028-474B-A4A6-9E928AE9ADFE}.Release|x64.Build.0 = Release|Any CPU
		{2A9E4095-E028-474B-A4A6-9E928AE9ADFE}.Release|x86.ActiveCfg = Release|Any CPU
		{2A9E4095-E028-474B-A4A6-9E928AE9ADFE}.Release|x86.Build.0 = Release|Any CPU
		{A6F7B8C9-D0E1-2345-F012-456789012345}.Debug|Any CPU.ActiveCfg = Debug|Any CPU
		{A6F7B8C9-D0E1-2345-F012-456789012345}.Debug|Any CPU.Build.0 = Debug|Any CPU
		{A6F7B8C9-D0E1-2345-F012-456789012345}.Debug|x64.ActiveCfg = Debug|Any CPU
		{A6F7B8C9-D0E1-2345-F012-456789012345}.Debug|x64.Build.0 = Debug|Any CPU
		{A6F7B8C9-D0E1-2345-F012-456789012345}.Debug|x86.ActiveCfg = Debug|Any CPU
		{A6F7B8C9-D0E1-2345-F012-456789012345}.Debug|x86.Build.0 = Debug|Any CPU
		{A6F7B8C9-D0E1-2345-F012-456789012345}.Release|Any CPU.ActiveCfg = Release|Any CPU
		{A6F7B8C9-D0E1-2345-F012-456789012345}.Release|Any CPU.Build.0 = Release|Any CPU
		{A6F7B8C9-D0E1-2345-F012-456789012345}.Release|x64.ActiveCfg = Release|Any CPU
		{A6F7B8C9-D0E1-2345-F012-456789012345}.Release|x64.Build.0 = Release|Any CPU
		{A6F7B8C9-D0E1-2345-F012-456789012345}.Release|x86.ActiveCfg = Release|Any CPU
		{A6F7B8C9-D0E1-2345-F012-456789012345}.Release|x86.Build.0 = Release|Any CPU
		{B7A8C9D0-E1F2-3456-0123-567890123456}.Debug|Any CPU.ActiveCfg = Debug|Any CPU
		{B7A8C9D0-E1F2-3456-0123-567890123456}.Debug|Any CPU.Build.0 = Debug|Any CPU
		{B7A8C9D0-E1F2-3456-0123-567890123456}.Debug|x64.ActiveCfg = Debug|Any CPU
		{B7A8C9D0-E1F2-3456-0123-567890123456}.Debug|x64.Build.0 = Debug|Any CPU
		{B7A8C9D0-E1F2-3456-0123-567890123456}.Debug|x86.ActiveCfg = Debug|Any CPU
		{B7A8C9D0-E1F2-3456-0123-567890123456}.Debug|x86.Build.0 = Debug|Any CPU
		{B7A8C9D0-E1F2-3456-0123-567890123456}.Release|Any CPU.ActiveCfg = Release|Any CPU
		{B7A8C9D0-E1F2-3456-0123-567890123456}.Release|Any CPU.Build.0 = Release|Any CPU
		{B7A8C9D0-E1F2-3456-0123-567890123456}.Release|x64.ActiveCfg = Release|Any CPU
		{B7A8C9D0-E1F2-3456-0123-567890123456}.Release|x64.Build.0 = Release|Any CPU
		{B7A8C9D0-E1F2-3456-0123-567890123456}.Release|x86.ActiveCfg = Release|Any CPU
		{B7A8C9D0-E1F2-3456-0123-567890123456}.Release|x86.Build.0 = Release|Any CPU
		{C8B9D0E1-F2A3-4567-1234-678901234567}.Debug|Any CPU.ActiveCfg = Debug|Any CPU
		{C8B9D0E1-F2A3-4567-1234-678901234567}.Debug|Any CPU.Build.0 = Debug|Any CPU
		{C8B9D0E1-F2A3-4567-1234-678901234567}.Debug|x64.ActiveCfg = Debug|Any CPU
		{C8B9D0E1-F2A3-4567-1234-678901234567}.Debug|x64.Build.0 = Debug|Any CPU
		{C8B9D0E1-F2A3-4567-1234-678901234567}.Debug|x86.ActiveCfg = Debug|Any CPU
		{C8B9D0E1-F2A3-4567-1234-678901234567}.Debug|x86.Build.0 = Debug|Any CPU
		{C8B9D0E1-F2A3-4567-1234-678901234567}.Release|Any CPU.ActiveCfg = Release|Any CPU
		{C8B9D0E1-F2A3-4567-1234-678901234567}.Release|Any CPU.Build.0 = Release|Any CPU
		{C8B9D0E1-F2A3-4567-1234-678901234567}.Release|x64.ActiveCfg = Release|Any CPU
		{C8B9D0E1-F2A3-4567-1234-678901234567}.Release|x64.Build.0 = Release|Any CPU
		{C8B9D0E1-F2A3-4567-1234-678901234567}.Release|x86.ActiveCfg = Release|Any CPU
		{C8B9D0E1-F2A3-4567-1234-678901234567}.Release|x86.Build.0 = Release|Any CPU
		{D9C0E1F2-A3B4-5678-2345-789012345678}.Debug|Any CPU.ActiveCfg = Debug|Any CPU
		{D9C0E1F2-A3B4-5678-2345-789012345678}.Debug|Any CPU.Build.0 = Debug|Any CPU
		{D9C0E1F2-A3B4-5678-2345-789012345678}.Debug|x64.ActiveCfg = Debug|Any CPU
		{D9C0E1F2-A3B4-5678-2345-789012345678}.Debug|x64.Build.0 = Debug|Any CPU
		{D9C0E1F2-A3B4-5678-2345-789012345678}.Debug|x86.ActiveCfg = Debug|Any CPU
		{D9C0E1F2-A3B4-5678-2345-789012345678}.Debug|x86.Build.0 = Debug|Any CPU
		{D9C0E1F2-A3B4-5678-2345-789012345678}.Release|Any CPU.ActiveCfg = Release|Any CPU
		{D9C0E1F2-A3B4-5678-2345-789012345678}.Release|Any CPU.Build.0 = Release|Any CPU
		{D9C0E1F2-A3B4-5678-2345-789012345678}.Release|x64.ActiveCfg = Release|Any CPU
		{D9C0E1F2-A3B4-5678-2345-789012345678}.Release|x64.Build.0 = Release|Any CPU
		{D9C0E1F2-A3B4-5678-2345-789012345678}.Release|x86.ActiveCfg = Release|Any CPU
		{D9C0E1F2-A3B4-5678-2345-789012345678}.Release|x86.Build.0 = Release|Any CPU
		{E0D1F2A3-B4C5-6789-3456-890123456789}.Debug|Any CPU.ActiveCfg = Debug|Any CPU
		{E0D1F2A3-B4C5-6789-3456-890123456789}.Debug|Any CPU.Build.0 = Debug|Any CPU
		{E0D1F2A3-B4C5-6789-3456-890123456789}.Debug|x64.ActiveCfg = Debug|Any CPU
		{E0D1F2A3-B4C5-6789-3456-890123456789}.Debug|x64.Build.0 = Debug|Any CPU
		{E0D1F2A3-B4C5-6789-3456-890123456789}.Debug|x86.ActiveCfg = Debug|Any CPU
		{E0D1F2A3-B4C5-6789-3456-890123456789}.Debug|x86.Build.0 = Debug|Any CPU
		{E0D1F2A3-B4C5-6789-3456-890123456789}.Release|Any CPU.ActiveCfg = Release|Any CPU
		{E0D1F2A3-B4C5-6789-3456-890123456789}.Release|Any CPU.Build.0 = Release|Any CPU
		{E0D1F2A3-B4C5-6789-3456-890123456789}.Release|x64.ActiveCfg = Release|Any CPU
		{E0D1F2A3-B4C5-6789-3456-890123456789}.Release|x64.Build.0 = Release|Any CPU
		{E0D1F2A3-B4C5-6789-3456-890123456789}.Release|x86.ActiveCfg = Release|Any CPU
		{E0D1F2A3-B4C5-6789-3456-890123456789}.Release|x86.Build.0 = Release|Any CPU
		{49BD2722-87BD-4F41-BE41-D68EB93D908A}.Debug|Any CPU.ActiveCfg = Debug|Any CPU
		{49BD2722-87BD-4F41-BE41-D68EB93D908A}.Debug|Any CPU.Build.0 = Debug|Any CPU
		{49BD2722-87BD-4F41-BE41-D68EB93D908A}.Debug|x64.ActiveCfg = Debug|Any CPU
		{49BD2722-87BD-4F41-BE41-D68EB93D908A}.Debug|x64.Build.0 = Debug|Any CPU
		{49BD2722-87BD-4F41-BE41-D68EB93D908A}.Debug|x86.ActiveCfg = Debug|Any CPU
		{49BD2722-87BD-4F41-BE41-D68EB93D908A}.Debug|x86.Build.0 = Debug|Any CPU
		{49BD2722-87BD-4F41-BE41-D68EB93D908A}.Release|Any CPU.ActiveCfg = Release|Any CPU
		{49BD2722-87BD-4F41-BE41-D68EB93D908A}.Release|Any CPU.Build.0 = Release|Any CPU
		{49BD2722-87BD-4F41-BE41-D68EB93D908A}.Release|x64.ActiveCfg = Release|Any CPU
		{49BD2722-87BD-4F41-BE41-D68EB93D908A}.Release|x64.Build.0 = Release|Any CPU
		{49BD2722-87BD-4F41-BE41-D68EB93D908A}.Release|x86.ActiveCfg = Release|Any CPU
		{49BD2722-87BD-4F41-BE41-D68EB93D908A}.Release|x86.Build.0 = Release|Any CPU
		{E2B9C439-1368-4AB9-BF22-DFC4FC03A5AE}.Debug|Any CPU.ActiveCfg = Debug|Any CPU
		{E2B9C439-1368-4AB9-BF22-DFC4FC03A5AE}.Debug|Any CPU.Build.0 = Debug|Any CPU
		{E2B9C439-1368-4AB9-BF22-DFC4FC03A5AE}.Debug|x64.ActiveCfg = Debug|Any CPU
		{E2B9C439-1368-4AB9-BF22-DFC4FC03A5AE}.Debug|x64.Build.0 = Debug|Any CPU
		{E2B9C439-1368-4AB9-BF22-DFC4FC03A5AE}.Debug|x86.ActiveCfg = Debug|Any CPU
		{E2B9C439-1368-4AB9-BF22-DFC4FC03A5AE}.Debug|x86.Build.0 = Debug|Any CPU
		{E2B9C439-1368-4AB9-BF22-DFC4FC03A5AE}.Release|Any CPU.ActiveCfg = Release|Any CPU
		{E2B9C439-1368-4AB9-BF22-DFC4FC03A5AE}.Release|Any CPU.Build.0 = Release|Any CPU
		{E2B9C439-1368-4AB9-BF22-DFC4FC03A5AE}.Release|x64.ActiveCfg = Release|Any CPU
		{E2B9C439-1368-4AB9-BF22-DFC4FC03A5AE}.Release|x64.Build.0 = Release|Any CPU
		{E2B9C439-1368-4AB9-BF22-DFC4FC03A5AE}.Release|x86.ActiveCfg = Release|Any CPU
		{E2B9C439-1368-4AB9-BF22-DFC4FC03A5AE}.Release|x86.Build.0 = Release|Any CPU
		{4DF8B766-168A-4D02-94E9-76B06F3DC560}.Debug|Any CPU.ActiveCfg = Debug|Any CPU
		{4DF8B766-168A-4D02-94E9-76B06F3DC560}.Debug|Any CPU.Build.0 = Debug|Any CPU
		{4DF8B766-168A-4D02-94E9-76B06F3DC560}.Debug|x64.ActiveCfg = Debug|Any CPU
		{4DF8B766-168A-4D02-94E9-76B06F3DC560}.Debug|x64.Build.0 = Debug|Any CPU
		{4DF8B766-168A-4D02-94E9-76B06F3DC560}.Debug|x86.ActiveCfg = Debug|Any CPU
		{4DF8B766-168A-4D02-94E9-76B06F3DC560}.Debug|x86.Build.0 = Debug|Any CPU
		{4DF8B766-168A-4D02-94E9-76B06F3DC560}.Release|Any CPU.ActiveCfg = Release|Any CPU
		{4DF8B766-168A-4D02-94E9-76B06F3DC560}.Release|Any CPU.Build.0 = Release|Any CPU
		{4DF8B766-168A-4D02-94E9-76B06F3DC560}.Release|x64.ActiveCfg = Release|Any CPU
		{4DF8B766-168A-4D02-94E9-76B06F3DC560}.Release|x64.Build.0 = Release|Any CPU
		{4DF8B766-168A-4D02-94E9-76B06F3DC560}.Release|x86.ActiveCfg = Release|Any CPU
		{4DF8B766-168A-4D02-94E9-76B06F3DC560}.Release|x86.Build.0 = Release|Any CPU
		{F6BFEEA8-2AAF-43AE-B8A4-85F0A9D75941}.Debug|Any CPU.ActiveCfg = Debug|Any CPU
		{F6BFEEA8-2AAF-43AE-B8A4-85F0A9D75941}.Debug|Any CPU.Build.0 = Debug|Any CPU
		{F6BFEEA8-2AAF-43AE-B8A4-85F0A9D75941}.Debug|x64.ActiveCfg = Debug|Any CPU
		{F6BFEEA8-2AAF-43AE-B8A4-85F0A9D75941}.Debug|x64.Build.0 = Debug|Any CPU
		{F6BFEEA8-2AAF-43AE-B8A4-85F0A9D75941}.Debug|x86.ActiveCfg = Debug|Any CPU
		{F6BFEEA8-2AAF-43AE-B8A4-85F0A9D75941}.Debug|x86.Build.0 = Debug|Any CPU
		{F6BFEEA8-2AAF-43AE-B8A4-85F0A9D75941}.Release|Any CPU.ActiveCfg = Release|Any CPU
		{F6BFEEA8-2AAF-43AE-B8A4-85F0A9D75941}.Release|Any CPU.Build.0 = Release|Any CPU
		{F6BFEEA8-2AAF-43AE-B8A4-85F0A9D75941}.Release|x64.ActiveCfg = Release|Any CPU
		{F6BFEEA8-2AAF-43AE-B8A4-85F0A9D75941}.Release|x64.Build.0 = Release|Any CPU
		{F6BFEEA8-2AAF-43AE-B8A4-85F0A9D75941}.Release|x86.ActiveCfg = Release|Any CPU
		{F6BFEEA8-2AAF-43AE-B8A4-85F0A9D75941}.Release|x86.Build.0 = Release|Any CPU
		{8A9CC26E-6791-49D0-BEC2-8B6F921FEB90}.Debug|Any CPU.ActiveCfg = Debug|Any CPU
		{8A9CC26E-6791-49D0-BEC2-8B6F921FEB90}.Debug|Any CPU.Build.0 = Debug|Any CPU
		{8A9CC26E-6791-49D0-BEC2-8B6F921FEB90}.Debug|x64.ActiveCfg = Debug|Any CPU
		{8A9CC26E-6791-49D0-BEC2-8B6F921FEB90}.Debug|x64.Build.0 = Debug|Any CPU
		{8A9CC26E-6791-49D0-BEC2-8B6F921FEB90}.Debug|x86.ActiveCfg = Debug|Any CPU
		{8A9CC26E-6791-49D0-BEC2-8B6F921FEB90}.Debug|x86.Build.0 = Debug|Any CPU
		{8A9CC26E-6791-49D0-BEC2-8B6F921FEB90}.Release|Any CPU.ActiveCfg = Release|Any CPU
		{8A9CC26E-6791-49D0-BEC2-8B6F921FEB90}.Release|Any CPU.Build.0 = Release|Any CPU
		{8A9CC26E-6791-49D0-BEC2-8B6F921FEB90}.Release|x64.ActiveCfg = Release|Any CPU
		{8A9CC26E-6791-49D0-BEC2-8B6F921FEB90}.Release|x64.Build.0 = Release|Any CPU
		{8A9CC26E-6791-49D0-BEC2-8B6F921FEB90}.Release|x86.ActiveCfg = Release|Any CPU
		{8A9CC26E-6791-49D0-BEC2-8B6F921FEB90}.Release|x86.Build.0 = Release|Any CPU
		{B306C94C-F5ED-4BAB-82ED-47575D3D9073}.Debug|Any CPU.ActiveCfg = Debug|Any CPU
		{B306C94C-F5ED-4BAB-82ED-47575D3D9073}.Debug|Any CPU.Build.0 = Debug|Any CPU
		{B306C94C-F5ED-4BAB-82ED-47575D3D9073}.Debug|x64.ActiveCfg = Debug|Any CPU
		{B306C94C-F5ED-4BAB-82ED-47575D3D9073}.Debug|x64.Build.0 = Debug|Any CPU
		{B306C94C-F5ED-4BAB-82ED-47575D3D9073}.Debug|x86.ActiveCfg = Debug|Any CPU
		{B306C94C-F5ED-4BAB-82ED-47575D3D9073}.Debug|x86.Build.0 = Debug|Any CPU
		{B306C94C-F5ED-4BAB-82ED-47575D3D9073}.Release|Any CPU.ActiveCfg = Release|Any CPU
		{B306C94C-F5ED-4BAB-82ED-47575D3D9073}.Release|Any CPU.Build.0 = Release|Any CPU
		{B306C94C-F5ED-4BAB-82ED-47575D3D9073}.Release|x64.ActiveCfg = Release|Any CPU
		{B306C94C-F5ED-4BAB-82ED-47575D3D9073}.Release|x64.Build.0 = Release|Any CPU
		{B306C94C-F5ED-4BAB-82ED-47575D3D9073}.Release|x86.ActiveCfg = Release|Any CPU
		{B306C94C-F5ED-4BAB-82ED-47575D3D9073}.Release|x86.Build.0 = Release|Any CPU
		{CB868D4E-ECF1-434E-A96C-520FBBD9493F}.Debug|Any CPU.ActiveCfg = Debug|Any CPU
		{CB868D4E-ECF1-434E-A96C-520FBBD9493F}.Debug|Any CPU.Build.0 = Debug|Any CPU
		{CB868D4E-ECF1-434E-A96C-520FBBD9493F}.Debug|x64.ActiveCfg = Debug|Any CPU
		{CB868D4E-ECF1-434E-A96C-520FBBD9493F}.Debug|x64.Build.0 = Debug|Any CPU
		{CB868D4E-ECF1-434E-A96C-520FBBD9493F}.Debug|x86.ActiveCfg = Debug|Any CPU
		{CB868D4E-ECF1-434E-A96C-520FBBD9493F}.Debug|x86.Build.0 = Debug|Any CPU
		{CB868D4E-ECF1-434E-A96C-520FBBD9493F}.Release|Any CPU.ActiveCfg = Release|Any CPU
		{CB868D4E-ECF1-434E-A96C-520FBBD9493F}.Release|Any CPU.Build.0 = Release|Any CPU
		{CB868D4E-ECF1-434E-A96C-520FBBD9493F}.Release|x64.ActiveCfg = Release|Any CPU
		{CB868D4E-ECF1-434E-A96C-520FBBD9493F}.Release|x64.Build.0 = Release|Any CPU
		{CB868D4E-ECF1-434E-A96C-520FBBD9493F}.Release|x86.ActiveCfg = Release|Any CPU
		{CB868D4E-ECF1-434E-A96C-520FBBD9493F}.Release|x86.Build.0 = Release|Any CPU
		{9E654568-0211-4B2B-BCD3-2E877870CE2F}.Debug|Any CPU.ActiveCfg = Debug|Any CPU
		{9E654568-0211-4B2B-BCD3-2E877870CE2F}.Debug|Any CPU.Build.0 = Debug|Any CPU
		{9E654568-0211-4B2B-BCD3-2E877870CE2F}.Debug|x64.ActiveCfg = Debug|Any CPU
		{9E654568-0211-4B2B-BCD3-2E877870CE2F}.Debug|x64.Build.0 = Debug|Any CPU
		{9E654568-0211-4B2B-BCD3-2E877870CE2F}.Debug|x86.ActiveCfg = Debug|Any CPU
		{9E654568-0211-4B2B-BCD3-2E877870CE2F}.Debug|x86.Build.0 = Debug|Any CPU
		{9E654568-0211-4B2B-BCD3-2E877870CE2F}.Release|Any CPU.ActiveCfg = Release|Any CPU
		{9E654568-0211-4B2B-BCD3-2E877870CE2F}.Release|Any CPU.Build.0 = Release|Any CPU
		{9E654568-0211-4B2B-BCD3-2E877870CE2F}.Release|x64.ActiveCfg = Release|Any CPU
		{9E654568-0211-4B2B-BCD3-2E877870CE2F}.Release|x64.Build.0 = Release|Any CPU
		{9E654568-0211-4B2B-BCD3-2E877870CE2F}.Release|x86.ActiveCfg = Release|Any CPU
		{9E654568-0211-4B2B-BCD3-2E877870CE2F}.Release|x86.Build.0 = Release|Any CPU
		{0D55F75F-3C91-4DC5-B581-8135D421B0DD}.Debug|Any CPU.ActiveCfg = Debug|Any CPU
		{0D55F75F-3C91-4DC5-B581-8135D421B0DD}.Debug|Any CPU.Build.0 = Debug|Any CPU
		{0D55F75F-3C91-4DC5-B581-8135D421B0DD}.Debug|x64.ActiveCfg = Debug|Any CPU
		{0D55F75F-3C91-4DC5-B581-8135D421B0DD}.Debug|x64.Build.0 = Debug|Any CPU
		{0D55F75F-3C91-4DC5-B581-8135D421B0DD}.Debug|x86.ActiveCfg = Debug|Any CPU
		{0D55F75F-3C91-4DC5-B581-8135D421B0DD}.Debug|x86.Build.0 = Debug|Any CPU
		{0D55F75F-3C91-4DC5-B581-8135D421B0DD}.Release|Any CPU.ActiveCfg = Release|Any CPU
		{0D55F75F-3C91-4DC5-B581-8135D421B0DD}.Release|Any CPU.Build.0 = Release|Any CPU
		{0D55F75F-3C91-4DC5-B581-8135D421B0DD}.Release|x64.ActiveCfg = Release|Any CPU
		{0D55F75F-3C91-4DC5-B581-8135D421B0DD}.Release|x64.Build.0 = Release|Any CPU
		{0D55F75F-3C91-4DC5-B581-8135D421B0DD}.Release|x86.ActiveCfg = Release|Any CPU
		{0D55F75F-3C91-4DC5-B581-8135D421B0DD}.Release|x86.Build.0 = Release|Any CPU
		{E64845F4-2B25-4AD5-8427-23960778664D}.Debug|Any CPU.ActiveCfg = Debug|Any CPU
		{E64845F4-2B25-4AD5-8427-23960778664D}.Debug|Any CPU.Build.0 = Debug|Any CPU
		{E64845F4-2B25-4AD5-8427-23960778664D}.Debug|x64.ActiveCfg = Debug|Any CPU
		{E64845F4-2B25-4AD5-8427-23960778664D}.Debug|x64.Build.0 = Debug|Any CPU
		{E64845F4-2B25-4AD5-8427-23960778664D}.Debug|x86.ActiveCfg = Debug|Any CPU
		{E64845F4-2B25-4AD5-8427-23960778664D}.Debug|x86.Build.0 = Debug|Any CPU
		{E64845F4-2B25-4AD5-8427-23960778664D}.Release|Any CPU.ActiveCfg = Release|Any CPU
		{E64845F4-2B25-4AD5-8427-23960778664D}.Release|Any CPU.Build.0 = Release|Any CPU
		{E64845F4-2B25-4AD5-8427-23960778664D}.Release|x64.ActiveCfg = Release|Any CPU
		{E64845F4-2B25-4AD5-8427-23960778664D}.Release|x64.Build.0 = Release|Any CPU
		{E64845F4-2B25-4AD5-8427-23960778664D}.Release|x86.ActiveCfg = Release|Any CPU
		{E64845F4-2B25-4AD5-8427-23960778664D}.Release|x86.Build.0 = Release|Any CPU
		{B3BBA982-2A33-438C-A5E2-CF6F0D8D14E3}.Debug|Any CPU.ActiveCfg = Debug|Any CPU
		{B3BBA982-2A33-438C-A5E2-CF6F0D8D14E3}.Debug|Any CPU.Build.0 = Debug|Any CPU
		{B3BBA982-2A33-438C-A5E2-CF6F0D8D14E3}.Debug|x64.ActiveCfg = Debug|Any CPU
		{B3BBA982-2A33-438C-A5E2-CF6F0D8D14E3}.Debug|x64.Build.0 = Debug|Any CPU
		{B3BBA982-2A33-438C-A5E2-CF6F0D8D14E3}.Debug|x86.ActiveCfg = Debug|Any CPU
		{B3BBA982-2A33-438C-A5E2-CF6F0D8D14E3}.Debug|x86.Build.0 = Debug|Any CPU
		{B3BBA982-2A33-438C-A5E2-CF6F0D8D14E3}.Release|Any CPU.ActiveCfg = Release|Any CPU
		{B3BBA982-2A33-438C-A5E2-CF6F0D8D14E3}.Release|Any CPU.Build.0 = Release|Any CPU
		{B3BBA982-2A33-438C-A5E2-CF6F0D8D14E3}.Release|x64.ActiveCfg = Release|Any CPU
		{B3BBA982-2A33-438C-A5E2-CF6F0D8D14E3}.Release|x64.Build.0 = Release|Any CPU
		{B3BBA982-2A33-438C-A5E2-CF6F0D8D14E3}.Release|x86.ActiveCfg = Release|Any CPU
		{B3BBA982-2A33-438C-A5E2-CF6F0D8D14E3}.Release|x86.Build.0 = Release|Any CPU
	EndGlobalSection
	GlobalSection(SolutionProperties) = preSolution
		HideSolutionNode = FALSE
	EndGlobalSection
	GlobalSection(NestedProjects) = preSolution
		{EF8F42CC-A17C-4F08-800D-04BC5EAB59F9} = {A1111111-1111-1111-1111-111111111111}
		{B1A2C3D4-E5F6-7890-ABCD-EF1234567890} = {A1111111-1111-1111-1111-111111111111}
		{C2B3D4E5-F6A7-8901-BCDE-F12345678901} = {A1111111-1111-1111-1111-111111111111}
		{D3C4E5F6-A7B8-9012-CDEF-123456789012} = {A1111111-1111-1111-1111-111111111111}
		{E4D5F6A7-B8C9-0123-DEF0-234567890123} = {A1111111-1111-1111-1111-111111111111}
		{49BD2722-87BD-4F41-BE41-D68EB93D908A} = {A2222222-2222-2222-2222-222222222222}
		{E2B9C439-1368-4AB9-BF22-DFC4FC03A5AE} = {A2222222-2222-2222-2222-222222222222}
		{F6BFEEA8-2AAF-43AE-B8A4-85F0A9D75941} = {A3333333-3333-3333-3333-333333333333}
		{8A9CC26E-6791-49D0-BEC2-8B6F921FEB90} = {A3333333-3333-3333-3333-333333333333}
		{CB868D4E-ECF1-434E-A96C-520FBBD9493F} = {A3333333-3333-3333-3333-333333333333}
		{0D55F75F-3C91-4DC5-B581-8135D421B0DD} = {A3333333-3333-3333-3333-333333333333}
		{F5E6A7B8-C9D0-1234-EF01-345678901234} = {A4444444-4444-4444-4444-444444444444}
		{2A9E4095-E028-474B-A4A6-9E928AE9ADFE} = {A4444444-4444-4444-4444-444444444444}
		{A6F7B8C9-D0E1-2345-F012-456789012345} = {A4444444-4444-4444-4444-444444444444}
		{B7A8C9D0-E1F2-3456-0123-567890123456} = {A4444444-4444-4444-4444-444444444444}
		{C8B9D0E1-F2A3-4567-1234-678901234567} = {A4444444-4444-4444-4444-444444444444}
		{D9C0E1F2-A3B4-5678-2345-789012345678} = {A4444444-4444-4444-4444-444444444444}
		{4DF8B766-168A-4D02-94E9-76B06F3DC560} = {A4444444-4444-4444-4444-444444444444}
		{B306C94C-F5ED-4BAB-82ED-47575D3D9073} = {A4444444-4444-4444-4444-444444444444}
		{9E654568-0211-4B2B-BCD3-2E877870CE2F} = {A4444444-4444-4444-4444-444444444444}
		{E64845F4-2B25-4AD5-8427-23960778664D} = {A4444444-4444-4444-4444-444444444444}
		{E0D1F2A3-B4C5-6789-3456-890123456789} = {A4444444-4444-4444-4444-444444444444}
		{B3BBA982-2A33-438C-A5E2-CF6F0D8D14E3} = {A5555555-5555-5555-5555-555555555555}
	EndGlobalSection
	GlobalSection(ExtensibilityGlobals) = postSolution
		SolutionGuid = {665B514F-FCDB-4D8A-8B4A-EFFFB6CA51D3}
	EndGlobalSection
EndGlobal
