
Microsoft Visual Studio Solution File, Format Version 12.00
# Visual Studio Version 16
VisualStudioVersion = 16.0.30907.101
MinimumVisualStudioVersion = 10.0.40219.1
Project("{9A19103F-16F7-4668-BE54-9A1E7A4F7556}") = "GDSharp.Converter", "GDSharp.Converter\GDSharp.Converter.csproj", "{0154101B-4D28-4763-A65A-D65124A2C07F}"
EndProject
Project("{9A19103F-16F7-4668-BE54-9A1E7A4F7556}") = "GDSharp.Reader.Tests", "GDSharp.Reader.Tests\GDSharp.Reader.Tests.csproj", "{2A9E4095-E028-474B-A4A6-9E928AE9ADFE}"
EndProject
Project("{9A19103F-16F7-4668-BE54-9A1E7A4F7556}") = "GDSharp.Reader", "GDSharp.Reader\GDSharp.Reader.csproj", "{710EA877-5F0B-4DB8-BDAF-DC2642090B1C}"
EndProject
Global
	GlobalSection(SolutionConfigurationPlatforms) = preSolution
		Debug|Any CPU = Debug|Any CPU
		Release|Any CPU = Release|Any CPU
	EndGlobalSection
	GlobalSection(ProjectConfigurationPlatforms) = postSolution
		{0154101B-4D28-4763-A65A-D65124A2C07F}.Debug|Any CPU.ActiveCfg = Debug|Any CPU
		{0154101B-4D28-4763-A65A-D65124A2C07F}.Debug|Any CPU.Build.0 = Debug|Any CPU
		{0154101B-4D28-4763-A65A-D65124A2C07F}.Release|Any CPU.ActiveCfg = Release|Any CPU
		{0154101B-4D28-4763-A65A-D65124A2C07F}.Release|Any CPU.Build.0 = Release|Any CPU
		{2A9E4095-E028-474B-A4A6-9E928AE9ADFE}.Debug|Any CPU.ActiveCfg = Debug|Any CPU
		{2A9E4095-E028-474B-A4A6-9E928AE9ADFE}.Debug|Any CPU.Build.0 = Debug|Any CPU
		{2A9E4095-E028-474B-A4A6-9E928AE9ADFE}.Release|Any CPU.ActiveCfg = Release|Any CPU
		{2A9E4095-E028-474B-A4A6-9E928AE9ADFE}.Release|Any CPU.Build.0 = Release|Any CPU
		{710EA877-5F0B-4DB8-BDAF-DC2642090B1C}.Debug|Any CPU.ActiveCfg = Debug|Any CPU
		{710EA877-5F0B-4DB8-BDAF-DC2642090B1C}.Debug|Any CPU.Build.0 = Debug|Any CPU
		{710EA877-5F0B-4DB8-BDAF-DC2642090B1C}.Release|Any CPU.ActiveCfg = Release|Any CPU
		{710EA877-5F0B-4DB8-BDAF-DC2642090B1C}.Release|Any CPU.Build.0 = Release|Any CPU
	EndGlobalSection
	GlobalSection(SolutionProperties) = preSolution
		HideSolutionNode = FALSE
	EndGlobalSection
	GlobalSection(ExtensibilityGlobals) = postSolution
		SolutionGuid = {665B514F-FCDB-4D8A-8B4A-EFFFB6CA51D3}
	EndGlobalSection
EndGlobal
